github.com/howeyc/ledger v0.2.2 h1:KMt23tYKf7COcDJ2qyaU53Yn90sZRNpDT1dc4B+/iA0=
github.com/howeyc/ledger v0.2.2/go.mod h1:oRHvp6DZRasXYRTqFe04I9r5vIq5K/G9pKF0j/dz+KM=
github.com/marcmak/calc v0.0.0-20150509200512-5bbbfc3b3149 h1:QaKQMdY9TmwTq+UPXBo1hGi95iguDE7q7sPvt6RqLiA=
github.com/marcmak/calc v0.0.0-20150509200512-5bbbfc3b3149/go.mod h1:op87dInbDFPr69TsmmZoW0q4hj8LV8VZYaG4p1rDzLY=
